// !$*UTF8*$!
{
	archiveVersion = 1;
	classes = {
	};
	objectVersion = 56;
	objects = {

/* Begin PBXBuildFile section */
		CB1AE7D82B08B84A00083B80 /* CollectionViewCell.swift in Sources */ = {isa = PBXBuildFile; fileRef = CB1AE7D72B08B84A00083B80 /* CollectionViewCell.swift */; };
		CB1AE7DD2B0D3DBD00083B80 /* DetailViewController.swift in Sources */ = {isa = PBXBuildFile; fileRef = CB1AE7DC2B0D3DBD00083B80 /* DetailViewController.swift */; };
		CB3A1CD22B04BC9D00BEA4F9 /* TableViewCell.swift in Sources */ = {isa = PBXBuildFile; fileRef = CB3A1CD12B04BC9C00BEA4F9 /* TableViewCell.swift */; };
		CB3A1CD72B05105B00BEA4F9 /* PresentationContentController.swift in Sources */ = {isa = PBXBuildFile; fileRef = CB3A1CD62B05105B00BEA4F9 /* PresentationContentController.swift */; };
		CB3A1CD92B0608B200BEA4F9 /* PageResources.swift in Sources */ = {isa = PBXBuildFile; fileRef = CB3A1CD82B0608B200BEA4F9 /* PageResources.swift */; };
		CB3A1CDB2B06464B00BEA4F9 /* Extensions.swift in Sources */ = {isa = PBXBuildFile; fileRef = CB3A1CDA2B06464B00BEA4F9 /* Extensions.swift */; };
		CB6E432E2B02B64F00334528 /* AppDelegate.swift in Sources */ = {isa = PBXBuildFile; fileRef = CB6E432D2B02B64F00334528 /* AppDelegate.swift */; };
		CB6E43302B02B64F00334528 /* SceneDelegate.swift in Sources */ = {isa = PBXBuildFile; fileRef = CB6E432F2B02B64F00334528 /* SceneDelegate.swift */; };
		CB6E43352B02B64F00334528 /* Main.storyboard in Resources */ = {isa = PBXBuildFile; fileRef = CB6E43332B02B64F00334528 /* Main.storyboard */; };
		CB6E43372B02B65100334528 /* Assets.xcassets in Resources */ = {isa = PBXBuildFile; fileRef = CB6E43362B02B65100334528 /* Assets.xcassets */; };
		CB6E433A2B02B65100334528 /* LaunchScreen.storyboard in Resources */ = {isa = PBXBuildFile; fileRef = CB6E43382B02B65100334528 /* LaunchScreen.storyboard */; };
		CB6E43422B02BA6500334528 /* PresentationController.swift in Sources */ = {isa = PBXBuildFile; fileRef = CB6E43412B02BA6500334528 /* PresentationController.swift */; };
		CB6E43442B02C5A700334528 /* MainController.swift in Sources */ = {isa = PBXBuildFile; fileRef = CB6E43432B02C5A700334528 /* MainController.swift */; };
		CB6E43482B02C68C00334528 /* CollectionViewController.swift in Sources */ = {isa = PBXBuildFile; fileRef = CB6E43472B02C68C00334528 /* CollectionViewController.swift */; };
		CB6E434A2B02CB2700334528 /* ListController.swift in Sources */ = {isa = PBXBuildFile; fileRef = CB6E43492B02CB2700334528 /* ListController.swift */; };
		CB6E434C2B02CB7900334528 /* Throttler.swift in Sources */ = {isa = PBXBuildFile; fileRef = CB6E434B2B02CB7900334528 /* Throttler.swift */; };
		CB93D9D52B0F7F80006D7652 /* Localizable.strings in Resources */ = {isa = PBXBuildFile; fileRef = CB93D9D72B0F7F80006D7652 /* Localizable.strings */; };
		CBDC62032B03EFB3004C4896 /* BookResources.swift in Sources */ = {isa = PBXBuildFile; fileRef = CBDC62022B03EFB3004C4896 /* BookResources.swift */; };
/* End PBXBuildFile section */

/* Begin PBXFileReference section */
		CB1AE7D72B08B84A00083B80 /* CollectionViewCell.swift */ = {isa = PBXFileReference; lastKnownFileType = sourcecode.swift; path = CollectionViewCell.swift; sourceTree = "<group>"; };
		CB1AE7DC2B0D3DBD00083B80 /* DetailViewController.swift */ = {isa = PBXFileReference; lastKnownFileType = sourcecode.swift; path = DetailViewController.swift; sourceTree = "<group>"; };
		CB3A1CD12B04BC9C00BEA4F9 /* TableViewCell.swift */ = {isa = PBXFileReference; lastKnownFileType = sourcecode.swift; path = TableViewCell.swift; sourceTree = "<group>"; };
		CB3A1CD62B05105B00BEA4F9 /* PresentationContentController.swift */ = {isa = PBXFileReference; lastKnownFileType = sourcecode.swift; path = PresentationContentController.swift; sourceTree = "<group>"; };
		CB3A1CD82B0608B200BEA4F9 /* PageResources.swift */ = {isa = PBXFileReference; lastKnownFileType = sourcecode.swift; path = PageResources.swift; sourceTree = "<group>"; };
		CB3A1CDA2B06464B00BEA4F9 /* Extensions.swift */ = {isa = PBXFileReference; lastKnownFileType = sourcecode.swift; path = Extensions.swift; sourceTree = "<group>"; };
		CB6E432A2B02B64F00334528 /* Booky.app */ = {isa = PBXFileReference; explicitFileType = wrapper.application; includeInIndex = 0; path = Booky.app; sourceTree = BUILT_PRODUCTS_DIR; };
		CB6E432D2B02B64F00334528 /* AppDelegate.swift */ = {isa = PBXFileReference; lastKnownFileType = sourcecode.swift; path = AppDelegate.swift; sourceTree = "<group>"; };
		CB6E432F2B02B64F00334528 /* SceneDelegate.swift */ = {isa = PBXFileReference; lastKnownFileType = sourcecode.swift; path = SceneDelegate.swift; sourceTree = "<group>"; };
		CB6E43342B02B64F00334528 /* Base */ = {isa = PBXFileReference; lastKnownFileType = file.storyboard; name = Base; path = Base.lproj/Main.storyboard; sourceTree = "<group>"; };
		CB6E43362B02B65100334528 /* Assets.xcassets */ = {isa = PBXFileReference; lastKnownFileType = folder.assetcatalog; path = Assets.xcassets; sourceTree = "<group>"; };
		CB6E43392B02B65100334528 /* Base */ = {isa = PBXFileReference; lastKnownFileType = file.storyboard; name = Base; path = Base.lproj/LaunchScreen.storyboard; sourceTree = "<group>"; };
		CB6E433B2B02B65100334528 /* Info.plist */ = {isa = PBXFileReference; lastKnownFileType = text.plist.xml; path = Info.plist; sourceTree = "<group>"; };
		CB6E43412B02BA6500334528 /* PresentationController.swift */ = {isa = PBXFileReference; lastKnownFileType = sourcecode.swift; path = PresentationController.swift; sourceTree = "<group>"; };
		CB6E43432B02C5A700334528 /* MainController.swift */ = {isa = PBXFileReference; lastKnownFileType = sourcecode.swift; path = MainController.swift; sourceTree = "<group>"; };
		CB6E43472B02C68C00334528 /* CollectionViewController.swift */ = {isa = PBXFileReference; lastKnownFileType = sourcecode.swift; path = CollectionViewController.swift; sourceTree = "<group>"; };
		CB6E43492B02CB2700334528 /* ListController.swift */ = {isa = PBXFileReference; lastKnownFileType = sourcecode.swift; path = ListController.swift; sourceTree = "<group>"; };
		CB6E434B2B02CB7900334528 /* Throttler.swift */ = {isa = PBXFileReference; lastKnownFileType = sourcecode.swift; path = Throttler.swift; sourceTree = "<group>"; };
		CB93D9CE2B0F7C68006D7652 /* es */ = {isa = PBXFileReference; lastKnownFileType = text.plist.strings; name = es; path = es.lproj/Main.strings; sourceTree = "<group>"; };
		CB93D9CF2B0F7C68006D7652 /* es */ = {isa = PBXFileReference; lastKnownFileType = text.plist.strings; name = es; path = es.lproj/LaunchScreen.strings; sourceTree = "<group>"; };
		CB93D9D62B0F7F80006D7652 /* en */ = {isa = PBXFileReference; lastKnownFileType = text.plist.strings; name = en; path = en.lproj/Localizable.strings; sourceTree = "<group>"; };
		CB93D9D82B0F7F8D006D7652 /* es */ = {isa = PBXFileReference; lastKnownFileType = text.plist.strings; name = es; path = es.lproj/Localizable.strings; sourceTree = "<group>"; };
		CBDC62022B03EFB3004C4896 /* BookResources.swift */ = {isa = PBXFileReference; lastKnownFileType = sourcecode.swift; path = BookResources.swift; sourceTree = "<group>"; };
/* End PBXFileReference section */

/* Begin PBXFrameworksBuildPhase section */
		CB6E43272B02B64F00334528 /* Frameworks */ = {
			isa = PBXFrameworksBuildPhase;
			buildActionMask = 2147483647;
			files = (
			);
			runOnlyForDeploymentPostprocessing = 0;
		};
/* End PBXFrameworksBuildPhase section */

/* Begin PBXGroup section */
		CB1AE7DB2B0D387200083B80 /* Controllers */ = {
			isa = PBXGroup;
			children = (
				CB93D9D22B0F7DC6006D7652 /* Cells */,
				CB6E43432B02C5A700334528 /* MainController.swift */,
				CB6E43412B02BA6500334528 /* PresentationController.swift */,
				CB3A1CD62B05105B00BEA4F9 /* PresentationContentController.swift */,
				CB6E43472B02C68C00334528 /* CollectionViewController.swift */,
				CB6E43492B02CB2700334528 /* ListController.swift */,
				CB1AE7DC2B0D3DBD00083B80 /* DetailViewController.swift */,
			);
			path = Controllers;
			sourceTree = "<group>";
		};
		CB3A1CD32B04BCB300BEA4F9 /* Utils */ = {
			isa = PBXGroup;
			children = (
				CBDC62022B03EFB3004C4896 /* BookResources.swift */,
				CB6E434B2B02CB7900334528 /* Throttler.swift */,
				CB3A1CD82B0608B200BEA4F9 /* PageResources.swift */,
				CB3A1CDA2B06464B00BEA4F9 /* Extensions.swift */,
			);
			path = Utils;
			sourceTree = "<group>";
		};
		CB6E43212B02B64F00334528 = {
			isa = PBXGroup;
			children = (
				CB6E432C2B02B64F00334528 /* Booky */,
				CB6E432B2B02B64F00334528 /* Products */,
			);
			sourceTree = "<group>";
		};
		CB6E432B2B02B64F00334528 /* Products */ = {
			isa = PBXGroup;
			children = (
				CB6E432A2B02B64F00334528 /* Booky.app */,
			);
			name = Products;
			sourceTree = "<group>";
		};
		CB6E432C2B02B64F00334528 /* Booky */ = {
			isa = PBXGroup;
			children = (
				CB3A1CD32B04BCB300BEA4F9 /* Utils */,
				CB1AE7DB2B0D387200083B80 /* Controllers */,
				CB93D9D02B0F7DA5006D7652 /* Delegates */,
				CB93D9D12B0F7DB5006D7652 /* StoryBoards */,
				CB6E43362B02B65100334528 /* Assets.xcassets */,
				CB6E433B2B02B65100334528 /* Info.plist */,
				CB93D9D72B0F7F80006D7652 /* Localizable.strings */,
			);
			path = Booky;
			sourceTree = "<group>";
		};
		CB93D9D02B0F7DA5006D7652 /* Delegates */ = {
			isa = PBXGroup;
			children = (
				CB6E432F2B02B64F00334528 /* SceneDelegate.swift */,
				CB6E432D2B02B64F00334528 /* AppDelegate.swift */,
			);
			path = Delegates;
			sourceTree = "<group>";
		};
		CB93D9D12B0F7DB5006D7652 /* StoryBoards */ = {
			isa = PBXGroup;
			children = (
				CB6E43382B02B65100334528 /* LaunchScreen.storyboard */,
				CB6E43332B02B64F00334528 /* Main.storyboard */,
			);
			path = StoryBoards;
			sourceTree = "<group>";
		};
		CB93D9D22B0F7DC6006D7652 /* Cells */ = {
			isa = PBXGroup;
			children = (
				CB3A1CD12B04BC9C00BEA4F9 /* TableViewCell.swift */,
				CB1AE7D72B08B84A00083B80 /* CollectionViewCell.swift */,
			);
			path = Cells;
			sourceTree = "<group>";
		};
/* End PBXGroup section */

/* Begin PBXNativeTarget section */
		CB6E43292B02B64F00334528 /* Booky */ = {
			isa = PBXNativeTarget;
			buildConfigurationList = CB6E433E2B02B65100334528 /* Build configuration list for PBXNativeTarget "Booky" */;
			buildPhases = (
				CB6E43262B02B64F00334528 /* Sources */,
				CB6E43272B02B64F00334528 /* Frameworks */,
				CB6E43282B02B64F00334528 /* Resources */,
			);
			buildRules = (
			);
			dependencies = (
			);
			name = Booky;
			productName = Booky;
			productReference = CB6E432A2B02B64F00334528 /* Booky.app */;
			productType = "com.apple.product-type.application";
		};
/* End PBXNativeTarget section */

/* Begin PBXProject section */
		CB6E43222B02B64F00334528 /* Project object */ = {
			isa = PBXProject;
			attributes = {
				BuildIndependentTargetsInParallel = 1;
				LastSwiftUpdateCheck = 1500;
				LastUpgradeCheck = 1500;
				TargetAttributes = {
					CB6E43292B02B64F00334528 = {
						CreatedOnToolsVersion = 15.0.1;
					};
				};
			};
			buildConfigurationList = CB6E43252B02B64F00334528 /* Build configuration list for PBXProject "Booky" */;
			compatibilityVersion = "Xcode 14.0";
			developmentRegion = en;
			hasScannedForEncodings = 0;
			knownRegions = (
				en,
				Base,
				es,
			);
			mainGroup = CB6E43212B02B64F00334528;
			productRefGroup = CB6E432B2B02B64F00334528 /* Products */;
			projectDirPath = "";
			projectRoot = "";
			targets = (
				CB6E43292B02B64F00334528 /* Booky */,
			);
		};
/* End PBXProject section */

/* Begin PBXResourcesBuildPhase section */
		CB6E43282B02B64F00334528 /* Resources */ = {
			isa = PBXResourcesBuildPhase;
			buildActionMask = 2147483647;
			files = (
				CB6E433A2B02B65100334528 /* LaunchScreen.storyboard in Resources */,
				CB93D9D52B0F7F80006D7652 /* Localizable.strings in Resources */,
				CB6E43372B02B65100334528 /* Assets.xcassets in Resources */,
				CB6E43352B02B64F00334528 /* Main.storyboard in Resources */,
			);
			runOnlyForDeploymentPostprocessing = 0;
		};
/* End PBXResourcesBuildPhase section */

/* Begin PBXSourcesBuildPhase section */
		CB6E43262B02B64F00334528 /* Sources */ = {
			isa = PBXSourcesBuildPhase;
			buildActionMask = 2147483647;
			files = (
				CB6E432E2B02B64F00334528 /* AppDelegate.swift in Sources */,
				CB6E434C2B02CB7900334528 /* Throttler.swift in Sources */,
				CB6E43302B02B64F00334528 /* SceneDelegate.swift in Sources */,
				CBDC62032B03EFB3004C4896 /* BookResources.swift in Sources */,
				CB3A1CD22B04BC9D00BEA4F9 /* TableViewCell.swift in Sources */,
				CB6E43482B02C68C00334528 /* CollectionViewController.swift in Sources */,
				CB3A1CD92B0608B200BEA4F9 /* PageResources.swift in Sources */,
				CB3A1CDB2B06464B00BEA4F9 /* Extensions.swift in Sources */,
				CB1AE7D82B08B84A00083B80 /* CollectionViewCell.swift in Sources */,
				CB6E43422B02BA6500334528 /* PresentationController.swift in Sources */,
				CB6E43442B02C5A700334528 /* MainController.swift in Sources */,
				CB1AE7DD2B0D3DBD00083B80 /* DetailViewController.swift in Sources */,
				CB6E434A2B02CB2700334528 /* ListController.swift in Sources */,
				CB3A1CD72B05105B00BEA4F9 /* PresentationContentController.swift in Sources */,
			);
			runOnlyForDeploymentPostprocessing = 0;
		};
/* End PBXSourcesBuildPhase section */

/* Begin PBXVariantGroup section */
		CB6E43332B02B64F00334528 /* Main.storyboard */ = {
			isa = PBXVariantGroup;
			children = (
				CB6E43342B02B64F00334528 /* Base */,
				CB93D9CE2B0F7C68006D7652 /* es */,
			);
			name = Main.storyboard;
			sourceTree = "<group>";
		};
		CB6E43382B02B65100334528 /* LaunchScreen.storyboard */ = {
			isa = PBXVariantGroup;
			children = (
				CB6E43392B02B65100334528 /* Base */,
				CB93D9CF2B0F7C68006D7652 /* es */,
			);
			name = LaunchScreen.storyboard;
			sourceTree = "<group>";
		};
		CB93D9D72B0F7F80006D7652 /* Localizable.strings */ = {
			isa = PBXVariantGroup;
			children = (
				CB93D9D62B0F7F80006D7652 /* en */,
				CB93D9D82B0F7F8D006D7652 /* es */,
			);
			name = Localizable.strings;
			sourceTree = "<group>";
		};
/* End PBXVariantGroup section */

/* Begin XCBuildConfiguration section */
		CB6E433C2B02B65100334528 /* Debug */ = {
			isa = XCBuildConfiguration;
			buildSettings = {
				ALWAYS_SEARCH_USER_PATHS = NO;
				ASSETCATALOG_COMPILER_GENERATE_SWIFT_ASSET_SYMBOL_EXTENSIONS = YES;
				CLANG_ANALYZER_LOCALIZABILITY_NONLOCALIZED = YES;
				CLANG_ANALYZER_NONNULL = YES;
				CLANG_ANALYZER_NUMBER_OBJECT_CONVERSION = YES_AGGRESSIVE;
				CLANG_CXX_LANGUAGE_STANDARD = "gnu++20";
				CLANG_ENABLE_MODULES = YES;
				CLANG_ENABLE_OBJC_ARC = YES;
				CLANG_ENABLE_OBJC_WEAK = YES;
				CLANG_WARN_BLOCK_CAPTURE_AUTORELEASING = YES;
				CLANG_WARN_BOOL_CONVERSION = YES;
				CLANG_WARN_COMMA = YES;
				CLANG_WARN_CONSTANT_CONVERSION = YES;
				CLANG_WARN_DEPRECATED_OBJC_IMPLEMENTATIONS = YES;
				CLANG_WARN_DIRECT_OBJC_ISA_USAGE = YES_ERROR;
				CLANG_WARN_DOCUMENTATION_COMMENTS = YES;
				CLANG_WARN_EMPTY_BODY = YES;
				CLANG_WARN_ENUM_CONVERSION = YES;
				CLANG_WARN_INFINITE_RECURSION = YES;
				CLANG_WARN_INT_CONVERSION = YES;
				CLANG_WARN_NON_LITERAL_NULL_CONVERSION = YES;
				CLANG_WARN_OBJC_IMPLICIT_RETAIN_SELF = YES;
				CLANG_WARN_OBJC_LITERAL_CONVERSION = YES;
				CLANG_WARN_OBJC_ROOT_CLASS = YES_ERROR;
				CLANG_WARN_QUOTED_INCLUDE_IN_FRAMEWORK_HEADER = YES;
				CLANG_WARN_RANGE_LOOP_ANALYSIS = YES;
				CLANG_WARN_STRICT_PROTOTYPES = YES;
				CLANG_WARN_SUSPICIOUS_MOVE = YES;
				CLANG_WARN_UNGUARDED_AVAILABILITY = YES_AGGRESSIVE;
				CLANG_WARN_UNREACHABLE_CODE = YES;
				CLANG_WARN__DUPLICATE_METHOD_MATCH = YES;
				COPY_PHASE_STRIP = NO;
				DEBUG_INFORMATION_FORMAT = dwarf;
				ENABLE_STRICT_OBJC_MSGSEND = YES;
				ENABLE_TESTABILITY = YES;
				ENABLE_USER_SCRIPT_SANDBOXING = YES;
				GCC_C_LANGUAGE_STANDARD = gnu17;
				GCC_DYNAMIC_NO_PIC = NO;
				GCC_NO_COMMON_BLOCKS = YES;
				GCC_OPTIMIZATION_LEVEL = 0;
				GCC_PREPROCESSOR_DEFINITIONS = (
					"DEBUG=1",
					"$(inherited)",
				);
				GCC_WARN_64_TO_32_BIT_CONVERSION = YES;
				GCC_WARN_ABOUT_RETURN_TYPE = YES_ERROR;
				GCC_WARN_UNDECLARED_SELECTOR = YES;
				GCC_WARN_UNINITIALIZED_AUTOS = YES_AGGRESSIVE;
				GCC_WARN_UNUSED_FUNCTION = YES;
				GCC_WARN_UNUSED_VARIABLE = YES;
				IPHONEOS_DEPLOYMENT_TARGET = 17.0;
				LOCALIZATION_PREFERS_STRING_CATALOGS = YES;
				MTL_ENABLE_DEBUG_INFO = INCLUDE_SOURCE;
				MTL_FAST_MATH = YES;
				ONLY_ACTIVE_ARCH = YES;
				SDKROOT = iphoneos;
				SWIFT_ACTIVE_COMPILATION_CONDITIONS = "DEBUG $(inherited)";
				SWIFT_OPTIMIZATION_LEVEL = "-Onone";
			};
			name = Debug;
		};
		CB6E433D2B02B65100334528 /* Release */ = {
			isa = XCBuildConfiguration;
			buildSettings = {
				ALWAYS_SEARCH_USER_PATHS = NO;
				ASSETCATALOG_COMPILER_GENERATE_SWIFT_ASSET_SYMBOL_EXTENSIONS = YES;
				CLANG_ANALYZER_LOCALIZABILITY_NONLOCALIZED = YES;
				CLANG_ANALYZER_NONNULL = YES;
				CLANG_ANALYZER_NUMBER_OBJECT_CONVERSION = YES_AGGRESSIVE;
				CLANG_CXX_LANGUAGE_STANDARD = "gnu++20";
				CLANG_ENABLE_MODULES = YES;
				CLANG_ENABLE_OBJC_ARC = YES;
				CLANG_ENABLE_OBJC_WEAK = YES;
				CLANG_WARN_BLOCK_CAPTURE_AUTORELEASING = YES;
				CLANG_WARN_BOOL_CONVERSION = YES;
				CLANG_WARN_COMMA = YES;
				CLANG_WARN_CONSTANT_CONVERSION = YES;
				CLANG_WARN_DEPRECATED_OBJC_IMPLEMENTATIONS = YES;
				CLANG_WARN_DIRECT_OBJC_ISA_USAGE = YES_ERROR;
				CLANG_WARN_DOCUMENTATION_COMMENTS = YES;
				CLANG_WARN_EMPTY_BODY = YES;
				CLANG_WARN_ENUM_CONVERSION = YES;
				CLANG_WARN_INFINITE_RECURSION = YES;
				CLANG_WARN_INT_CONVERSION = YES;
				CLANG_WARN_NON_LITERAL_NULL_CONVERSION = YES;
				CLANG_WARN_OBJC_IMPLICIT_RETAIN_SELF = YES;
				CLANG_WARN_OBJC_LITERAL_CONVERSION = YES;
				CLANG_WARN_OBJC_ROOT_CLASS = YES_ERROR;
				CLANG_WARN_QUOTED_INCLUDE_IN_FRAMEWORK_HEADER = YES;
				CLANG_WARN_RANGE_LOOP_ANALYSIS = YES;
				CLANG_WARN_STRICT_PROTOTYPES = YES;
				CLANG_WARN_SUSPICIOUS_MOVE = YES;
				CLANG_WARN_UNGUARDED_AVAILABILITY = YES_AGGRESSIVE;
				CLANG_WARN_UNREACHABLE_CODE = YES;
				CLANG_WARN__DUPLICATE_METHOD_MATCH = YES;
				COPY_PHASE_STRIP = NO;
				DEBUG_INFORMATION_FORMAT = "dwarf-with-dsym";
				ENABLE_NS_ASSERTIONS = NO;
				ENABLE_STRICT_OBJC_MSGSEND = YES;
				ENABLE_USER_SCRIPT_SANDBOXING = YES;
				GCC_C_LANGUAGE_STANDARD = gnu17;
				GCC_NO_COMMON_BLOCKS = YES;
				GCC_WARN_64_TO_32_BIT_CONVERSION = YES;
				GCC_WARN_ABOUT_RETURN_TYPE = YES_ERROR;
				GCC_WARN_UNDECLARED_SELECTOR = YES;
				GCC_WARN_UNINITIALIZED_AUTOS = YES_AGGRESSIVE;
				GCC_WARN_UNUSED_FUNCTION = YES;
				GCC_WARN_UNUSED_VARIABLE = YES;
				IPHONEOS_DEPLOYMENT_TARGET = 17.0;
				LOCALIZATION_PREFERS_STRING_CATALOGS = YES;
				MTL_ENABLE_DEBUG_INFO = NO;
				MTL_FAST_MATH = YES;
				SDKROOT = iphoneos;
				SWIFT_COMPILATION_MODE = wholemodule;
				VALIDATE_PRODUCT = YES;
			};
			name = Release;
		};
		CB6E433F2B02B65100334528 /* Debug */ = {
			isa = XCBuildConfiguration;
			buildSettings = {
				ASSETCATALOG_COMPILER_APPICON_NAME = AppIcon;
				ASSETCATALOG_COMPILER_GLOBAL_ACCENT_COLOR_NAME = AccentColor;
				CODE_SIGN_STYLE = Automatic;
				CURRENT_PROJECT_VERSION = 1;
				DEVELOPMENT_TEAM = LWQM3M945B;
				GENERATE_INFOPLIST_FILE = YES;
				INFOPLIST_FILE = Booky/Info.plist;
				INFOPLIST_KEY_UIApplicationSupportsIndirectInputEvents = YES;
				INFOPLIST_KEY_UILaunchStoryboardName = LaunchScreen;
				INFOPLIST_KEY_UIMainStoryboardFile = Main;
				INFOPLIST_KEY_UISupportedInterfaceOrientations_iPad = "UIInterfaceOrientationPortrait UIInterfaceOrientationPortraitUpsideDown UIInterfaceOrientationLandscapeLeft UIInterfaceOrientationLandscapeRight";
				INFOPLIST_KEY_UISupportedInterfaceOrientations_iPhone = "UIInterfaceOrientationPortrait UIInterfaceOrientationLandscapeLeft UIInterfaceOrientationLandscapeRight";
				LD_RUNPATH_SEARCH_PATHS = (
					"$(inherited)",
					"@executable_path/Frameworks",
				);
				MARKETING_VERSION = 1.0;
				PRODUCT_BUNDLE_IDENTIFIER = es.ua.eps.Booky;
				PRODUCT_NAME = "$(TARGET_NAME)";
				SWIFT_EMIT_LOC_STRINGS = YES;
				SWIFT_VERSION = 5.0;
				TARGETED_DEVICE_FAMILY = "1,2";
			};
			name = Debug;
		};
		CB6E43402B02B65100334528 /* Release */ = {
			isa = XCBuildConfiguration;
			buildSettings = {
				ASSETCATALOG_COMPILER_APPICON_NAME = AppIcon;
				ASSETCATALOG_COMPILER_GLOBAL_ACCENT_COLOR_NAME = AccentColor;
				CODE_SIGN_STYLE = Automatic;
				CURRENT_PROJECT_VERSION = 1;
				DEVELOPMENT_TEAM = LWQM3M945B;
				GENERATE_INFOPLIST_FILE = YES;
				INFOPLIST_FILE = Booky/Info.plist;
				INFOPLIST_KEY_UIApplicationSupportsIndirectInputEvents = YES;
				INFOPLIST_KEY_UILaunchStoryboardName = LaunchScreen;
				INFOPLIST_KEY_UIMainStoryboardFile = Main;
				INFOPLIST_KEY_UISupportedInterfaceOrientations_iPad = "UIInterfaceOrientationPortrait UIInterfaceOrientationPortraitUpsideDown UIInterfaceOrientationLandscapeLeft UIInterfaceOrientationLandscapeRight";
				INFOPLIST_KEY_UISupportedInterfaceOrientations_iPhone = "UIInterfaceOrientationPortrait UIInterfaceOrientationLandscapeLeft UIInterfaceOrientationLandscapeRight";
				LD_RUNPATH_SEARCH_PATHS = (
					"$(inherited)",
					"@executable_path/Frameworks",
				);
				MARKETING_VERSION = 1.0;
				PRODUCT_BUNDLE_IDENTIFIER = es.ua.eps.Booky;
				PRODUCT_NAME = "$(TARGET_NAME)";
				SWIFT_EMIT_LOC_STRINGS = YES;
				SWIFT_VERSION = 5.0;
				TARGETED_DEVICE_FAMILY = "1,2";
			};
			name = Release;
		};
/* End XCBuildConfiguration section */

/* Begin XCConfigurationList section */
		CB6E43252B02B64F00334528 /* Build configuration list for PBXProject "Booky" */ = {
			isa = XCConfigurationList;
			buildConfigurations = (
				CB6E433C2B02B65100334528 /* Debug */,
				CB6E433D2B02B65100334528 /* Release */,
			);
			defaultConfigurationIsVisible = 0;
			defaultConfigurationName = Release;
		};
		CB6E433E2B02B65100334528 /* Build configuration list for PBXNativeTarget "Booky" */ = {
			isa = XCConfigurationList;
			buildConfigurations = (
				CB6E433F2B02B65100334528 /* Debug */,
				CB6E43402B02B65100334528 /* Release */,
			);
			defaultConfigurationIsVisible = 0;
			defaultConfigurationName = Release;
		};
/* End XCConfigurationList section */
	};
	rootObject = CB6E43222B02B64F00334528 /* Project object */;
}
